
Microsoft Visual Studio Solution File, Format Version 12.00
# Visual Studio Version 16
VisualStudioVersion = 25.0.1706.13
MinimumVisualStudioVersion = 10.0.40219.1
Project("{FAE04EC0-301F-11D3-BF4B-00C04F79EFBC}") = "SwinTest", "SwinTest.csproj", "{27A72CB7-F749-4A0C-AA96-1EDFED034B1B}"
EndProject
Global
	GlobalSection(SolutionConfigurationPlatforms) = preSolution
		Debug|Any CPU = Debug|Any CPU
		Release|Any CPU = Release|Any CPU
	EndGlobalSection
	GlobalSection(ProjectConfigurationPlatforms) = postSolution
		{27A72CB7-F749-4A0C-AA96-1EDFED034B1B}.Debug|Any CPU.ActiveCfg = Debug|Any CPU
		{27A72CB7-F749-4A0C-AA96-1EDFED034B1B}.Debug|Any CPU.Build.0 = Debug|Any CPU
		{27A72CB7-F749-4A0C-AA96-1EDFED034B1B}.Release|Any CPU.ActiveCfg = Release|Any CPU
		{27A72CB7-F749-4A0C-AA96-1EDFED034B1B}.Release|Any CPU.Build.0 = Release|Any CPU
	EndGlobalSection
	GlobalSection(SolutionProperties) = preSolution
		HideSolutionNode = FALSE
	EndGlobalSection
	GlobalSection(ExtensibilityGlobals) = postSolution
		SolutionGuid = {104A940C-24C7-4CFB-A671-7C41898F3693}
	EndGlobalSection
EndGlobal
